# This file is automatically @generated by Cargo.
# It is not intended for manual editing.
version = 3

[[package]]
name = "ab_glyph"
version = "0.2.11"
source = "registry+https://github.com/rust-lang/crates.io-index"
checksum = "af0ac006645f86f20f6c6fa4dcaef920bf803df819123626f9440e35835e7d80"
dependencies = [
 "ab_glyph_rasterizer",
 "owned_ttf_parser",
]

[[package]]
name = "ab_glyph_rasterizer"
version = "0.1.4"
source = "registry+https://github.com/rust-lang/crates.io-index"
checksum = "d9fe5e32de01730eb1f6b7f5b51c17e03e2325bf40a74f754f04f130043affff"

[[package]]
name = "ahash"
version = "0.7.4"
source = "registry+https://github.com/rust-lang/crates.io-index"
checksum = "43bb833f0bf979d8475d38fbf09ed3b8a55e1885fe93ad3f93239fc6a4f17b98"
dependencies = [
 "getrandom",
 "once_cell",
 "version_check",
]

[[package]]
name = "atomic_refcell"
version = "0.1.7"
source = "registry+https://github.com/rust-lang/crates.io-index"
checksum = "681b971236e0f76b20fcafca0236b8718c9186ee778d67cd78bd5f28fd85427f"

[[package]]
name = "autocfg"
version = "1.0.1"
source = "registry+https://github.com/rust-lang/crates.io-index"
checksum = "cdb031dd78e28731d87d56cc8ffef4a8f36ca26c38fe2de700543e627f8a464a"

[[package]]
name = "bitflags"
version = "1.3.2"
source = "registry+https://github.com/rust-lang/crates.io-index"
checksum = "bef38d45163c2f1dde094a7dfd33ccf595c92905c8f8f4fdc18d06fb1037718a"

[[package]]
name = "cc"
version = "1.0.69"
source = "registry+https://github.com/rust-lang/crates.io-index"
checksum = "e70cc2f62c6ce1868963827bd677764c62d07c3d9a3e1fb1177ee1a9ab199eb2"

[[package]]
name = "cfg-if"
version = "1.0.0"
source = "registry+https://github.com/rust-lang/crates.io-index"
checksum = "baf1de4339761588bc0619e3cbc0120ee582ebb74b53b4efbf79117bd2da40fd"

[[package]]
name = "cmake"
version = "0.1.45"
source = "registry+https://github.com/rust-lang/crates.io-index"
checksum = "eb6210b637171dfba4cda12e579ac6dc73f5165ad56133e5d72ef3131f320855"
dependencies = [
 "cc",
]

[[package]]
name = "egui"
version = "0.14.0"
source = "registry+https://github.com/rust-lang/crates.io-index"
checksum = "56df2f3c802727b65eddaf927abf8084e60128ec7c94432834f1eac98f1e74cd"
dependencies = [
 "epaint",
]

[[package]]
name = "emath"
version = "0.14.0"
source = "registry+https://github.com/rust-lang/crates.io-index"
checksum = "cca5179aa9d15128cebb79bb56dda73a79cc66b402056ff19a992e54b365e15c"

[[package]]
name = "epaint"
version = "0.14.0"
source = "registry+https://github.com/rust-lang/crates.io-index"
checksum = "136e7d88da926182bcfdb8217137dd347dfe5dc03b8988eaba3ef8becf83394a"
dependencies = [
 "ab_glyph",
 "ahash",
 "atomic_refcell",
 "emath",
 "ordered-float",
]

[[package]]
name = "fltk"
version = "1.1.13"
source = "registry+https://github.com/rust-lang/crates.io-index"
checksum = "33068f5043ef838b1d749e6e5100ad2845e8d5df65ddbf87ece56dd2b3b4b6f5"
dependencies = [
 "bitflags",
 "fltk-derive",
 "fltk-sys",
 "raw-window-handle",
]

[[package]]
name = "fltk-derive"
version = "1.1.13"
source = "registry+https://github.com/rust-lang/crates.io-index"
checksum = "93ecc656b6e61b0100ae96d975c47dcc79692599a877340460bbd521c80a31eb"
dependencies = [
 "quote",
 "syn",
]

[[package]]
name = "fltk-egui"
version = "0.1.0"
dependencies = [
 "egui",
 "fltk",
 "gl",
]

[[package]]
name = "fltk-sys"
version = "1.1.13"
source = "registry+https://github.com/rust-lang/crates.io-index"
checksum = "3d9b6bf78eae4c8587d50d15470e7f3a114cd35900bfceee7a0366c5df11dae0"
dependencies = [
 "cmake",
]

[[package]]
name = "getrandom"
version = "0.2.3"
source = "registry+https://github.com/rust-lang/crates.io-index"
checksum = "7fcd999463524c52659517fe2cea98493cfe485d10565e7b0fb07dbba7ad2753"
dependencies = [
 "cfg-if",
 "libc",
 "wasi",
]

[[package]]
name = "gl"
version = "0.14.0"
source = "registry+https://github.com/rust-lang/crates.io-index"
checksum = "a94edab108827d67608095e269cf862e60d920f144a5026d3dbcfd8b877fb404"
dependencies = [
 "gl_generator",
]

[[package]]
name = "gl_generator"
version = "0.14.0"
source = "registry+https://github.com/rust-lang/crates.io-index"
checksum = "1a95dfc23a2b4a9a2f5ab41d194f8bfda3cabec42af4e39f08c339eb2a0c124d"
dependencies = [
 "khronos_api",
 "log",
 "xml-rs",
]

[[package]]
name = "khronos_api"
version = "3.1.0"
source = "registry+https://github.com/rust-lang/crates.io-index"
checksum = "e2db585e1d738fc771bf08a151420d3ed193d9d895a36df7f6f8a9456b911ddc"

[[package]]
name = "libc"
version = "0.2.101"
source = "registry+https://github.com/rust-lang/crates.io-index"
checksum = "3cb00336871be5ed2c8ed44b60ae9959dc5b9f08539422ed43f09e34ecaeba21"

[[package]]
name = "log"
version = "0.4.14"
source = "registry+https://github.com/rust-lang/crates.io-index"
checksum = "51b9bbe6c47d51fc3e1a9b945965946b4c44142ab8792c50835a980d362c2710"
dependencies = [
 "cfg-if",
]

[[package]]
name = "num-traits"
version = "0.2.14"
source = "registry+https://github.com/rust-lang/crates.io-index"
checksum = "9a64b1ec5cda2586e284722486d802acf1f7dbdc623e2bfc57e65ca1cd099290"
dependencies = [
 "autocfg",
]

[[package]]
name = "once_cell"
version = "1.8.0"
source = "registry+https://github.com/rust-lang/crates.io-index"
checksum = "692fcb63b64b1758029e0a96ee63e049ce8c5948587f2f7208df04625e5f6b56"

[[package]]
name = "ordered-float"
version = "2.7.0"
source = "registry+https://github.com/rust-lang/crates.io-index"
checksum = "039f02eb0f69271f26abe3202189275d7aa2258b903cb0281b5de710a2570ff3"
dependencies = [
 "num-traits",
]

[[package]]
name = "owned_ttf_parser"
version = "0.12.1"
source = "registry+https://github.com/rust-lang/crates.io-index"
checksum = "60ac8dda2e5cc09bf6480e3b3feff9783db251710c922ae9369a429c51efdeb0"
dependencies = [
 "ttf-parser",
]

[[package]]
name = "proc-macro2"
version = "1.0.28"
source = "registry+https://github.com/rust-lang/crates.io-index"
checksum = "5c7ed8b8c7b886ea3ed7dde405212185f423ab44682667c8c6dd14aa1d9f6612"
dependencies = [
 "unicode-xid",
]

[[package]]
name = "quote"
version = "1.0.9"
source = "registry+https://github.com/rust-lang/crates.io-index"
checksum = "c3d0b9745dc2debf507c8422de05d7226cc1f0644216dfdfead988f9b1ab32a7"
dependencies = [
 "proc-macro2",
]

[[package]]
name = "raw-window-handle"
version = "0.3.3"
source = "registry+https://github.com/rust-lang/crates.io-index"
checksum = "0a441a7a6c80ad6473bd4b74ec1c9a4c951794285bf941c2126f607c72e48211"
dependencies = [
 "libc",
]

[[package]]
name = "syn"
version = "1.0.75"
source = "registry+https://github.com/rust-lang/crates.io-index"
checksum = "b7f58f7e8eaa0009c5fec437aabf511bd9933e4b2d7407bd05273c01a8906ea7"
dependencies = [
 "proc-macro2",
 "quote",
 "unicode-xid",
]

[[package]]
name = "ttf-parser"
version = "0.12.3"
source = "registry+https://github.com/rust-lang/crates.io-index"
checksum = "7ae2f58a822f08abdaf668897e96a5656fe72f5a9ce66422423e8849384872e6"

[[package]]
name = "unicode-xid"
version = "0.2.2"
source = "registry+https://github.com/rust-lang/crates.io-index"
checksum = "8ccb82d61f80a663efe1f787a51b16b5a51e3314d6ac365b08639f52387b33f3"

[[package]]
name = "version_check"
version = "0.9.3"
source = "registry+https://github.com/rust-lang/crates.io-index"
checksum = "5fecdca9a5291cc2b8dcf7dc02453fee791a280f3743cb0905f8822ae463b3fe"

[[package]]
name = "wasi"
version = "0.10.2+wasi-snapshot-preview1"
source = "registry+https://github.com/rust-lang/crates.io-index"
checksum = "fd6fbd9a79829dd1ad0cc20627bf1ed606756a7f77edff7b66b7064f9cb327c6"

[[package]]
name = "xml-rs"
version = "0.8.4"
source = "registry+https://github.com/rust-lang/crates.io-index"
checksum = "d2d7d3948613f75c98fd9328cfdcc45acc4d360655289d0a7d4ec931392200a3"
